
Microsoft Visual Studio Solution File, Format Version 12.00
Project("{FAE04EC0-301F-11D3-BF4B-00C04F79EFBC}") = "Marketplace", "Marketplace\Marketplace.csproj", "{980FD787-BE16-4C09-8C69-EC79B8BACF18}"
EndProject
Project("{FAE04EC0-301F-11D3-BF4B-00C04F79EFBC}") = "Marketplace.Domain", "Marketplace.Domain\Marketplace.Domain.csproj", "{86E21440-BA62-4FA0-BA0D-254AF11A609C}"
EndProject
Project("{FAE04EC0-301F-11D3-BF4B-00C04F79EFBC}") = "Marketplace.Tests", "Marketplace.Tests\Marketplace.Tests.csproj", "{DC0909E0-CC51-48AB-9D42-EA0DD04E2ED4}"
EndProject
Project("{FAE04EC0-301F-11D3-BF4B-00C04F79EFBC}") = "Marketplace.Framework", "Marketplace.Framework\Marketplace.Framework.csproj", "{E5A49FCF-C741-412D-BB28-9BA6A0CD45ED}"
EndProject
Global
	GlobalSection(SolutionConfigurationPlatforms) = preSolution
		Debug|Any CPU = Debug|Any CPU
		Release|Any CPU = Release|Any CPU
	EndGlobalSection
	GlobalSection(ProjectConfigurationPlatforms) = postSolution
		{980FD787-BE16-4C09-8C69-EC79B8BACF18}.Debug|Any CPU.ActiveCfg = Debug|Any CPU
		{980FD787-BE16-4C09-8C69-EC79B8BACF18}.Debug|Any CPU.Build.0 = Debug|Any CPU
		{980FD787-BE16-4C09-8C69-EC79B8BACF18}.Release|Any CPU.ActiveCfg = Release|Any CPU
		{980FD787-BE16-4C09-8C69-EC79B8BACF18}.Release|Any CPU.Build.0 = Release|Any CPU
		{86E21440-BA62-4FA0-BA0D-254AF11A609C}.Debug|Any CPU.ActiveCfg = Debug|Any CPU
		{86E21440-BA62-4FA0-BA0D-254AF11A609C}.Debug|Any CPU.Build.0 = Debug|Any CPU
		{86E21440-BA62-4FA0-BA0D-254AF11A609C}.Release|Any CPU.ActiveCfg = Release|Any CPU
		{86E21440-BA62-4FA0-BA0D-254AF11A609C}.Release|Any CPU.Build.0 = Release|Any CPU
		{DC0909E0-CC51-48AB-9D42-EA0DD04E2ED4}.Debug|Any CPU.ActiveCfg = Debug|Any CPU
		{DC0909E0-CC51-48AB-9D42-EA0DD04E2ED4}.Debug|Any CPU.Build.0 = Debug|Any CPU
		{DC0909E0-CC51-48AB-9D42-EA0DD04E2ED4}.Release|Any CPU.ActiveCfg = Release|Any CPU
		{DC0909E0-CC51-48AB-9D42-EA0DD04E2ED4}.Release|Any CPU.Build.0 = Release|Any CPU
		{E5A49FCF-C741-412D-BB28-9BA6A0CD45ED}.Debug|Any CPU.ActiveCfg = Debug|Any CPU
		{E5A49FCF-C741-412D-BB28-9BA6A0CD45ED}.Debug|Any CPU.Build.0 = Debug|Any CPU
		{E5A49FCF-C741-412D-BB28-9BA6A0CD45ED}.Release|Any CPU.ActiveCfg = Release|Any CPU
		{E5A49FCF-C741-412D-BB28-9BA6A0CD45ED}.Release|Any CPU.Build.0 = Release|Any CPU
	EndGlobalSection
EndGlobal
